// !$*UTF8*$!
{
	archiveVersion = 1;
	classes = {
	};
	objectVersion = 56;
	objects = {

/* Begin PBXBuildFile section */
		364485452D2A2A96006FD64B /* InfoView.swift in Sources */ = {isa = PBXBuildFile; fileRef = 364485442D2A2A96006FD64B /* InfoView.swift */; };
		3652A8652AEBF91C00317B7C /* SplashShape.swift in Sources */ = {isa = PBXBuildFile; fileRef = 3652A8642AEBF91C00317B7C /* SplashShape.swift */; };
		3652A8672AEBF96100317B7C /* SplashView.swift in Sources */ = {isa = PBXBuildFile; fileRef = 3652A8662AEBF96100317B7C /* SplashView.swift */; };
		3652A86B2AEC090500317B7C /* SoundEffectManager.swift in Sources */ = {isa = PBXBuildFile; fileRef = 3652A86A2AEC090500317B7C /* SoundEffectManager.swift */; };
		3652A86D2AEC0FDC00317B7C /* WinnerView.swift in Sources */ = {isa = PBXBuildFile; fileRef = 3652A86C2AEC0FDC00317B7C /* WinnerView.swift */; };
		3652A8712AEC177D00317B7C /* wheelSpin.m4a in Resources */ = {isa = PBXBuildFile; fileRef = 3652A8702AEC177D00317B7C /* wheelSpin.m4a */; };
		3652A8732AEC17E000317B7C /* cutOff.m4a in Resources */ = {isa = PBXBuildFile; fileRef = 3652A8722AEC17E000317B7C /* cutOff.m4a */; };
		36C650A72D26248500D5668D /* PixelifySans-SemiBold.ttf in Resources */ = {isa = PBXBuildFile; fileRef = 36C650A52D26248500D5668D /* PixelifySans-SemiBold.ttf */; };
		36C650A92D2624A600D5668D /* PixelifySans-Regular.ttf in Resources */ = {isa = PBXBuildFile; fileRef = 36C650A82D2624A600D5668D /* PixelifySans-Regular.ttf */; };
		36C650AB2D262ED500D5668D /* LaunchView.swift in Sources */ = {isa = PBXBuildFile; fileRef = 36C650AA2D262ED500D5668D /* LaunchView.swift */; };
		36C650E82D27117500D5668D /* Tiny5-Regular.ttf in Resources */ = {isa = PBXBuildFile; fileRef = 36C650E72D27117500D5668D /* Tiny5-Regular.ttf */; };
		36CB32432AE6A03600ECE46C /* InstinctApp.swift in Sources */ = {isa = PBXBuildFile; fileRef = 36CB32422AE6A03600ECE46C /* InstinctApp.swift */; };
		36CB32452AE6A03600ECE46C /* ContentView.swift in Sources */ = {isa = PBXBuildFile; fileRef = 36CB32442AE6A03600ECE46C /* ContentView.swift */; };
		36CB32472AE6A03700ECE46C /* Assets.xcassets in Resources */ = {isa = PBXBuildFile; fileRef = 36CB32462AE6A03700ECE46C /* Assets.xcassets */; };
		36CB324A2AE6A03700ECE46C /* Preview Assets.xcassets in Resources */ = {isa = PBXBuildFile; fileRef = 36CB32492AE6A03700ECE46C /* Preview Assets.xcassets */; };
		36CB32512AE6A0AC00ECE46C /* GameView.swift in Sources */ = {isa = PBXBuildFile; fileRef = 36CB32502AE6A0AC00ECE46C /* GameView.swift */; };
		36CB32532AE6A11900ECE46C /* GameViewModel.swift in Sources */ = {isa = PBXBuildFile; fileRef = 36CB32522AE6A11900ECE46C /* GameViewModel.swift */; };
		36CB32552AE6A2F700ECE46C /* LoserView.swift in Sources */ = {isa = PBXBuildFile; fileRef = 36CB32542AE6A2F700ECE46C /* LoserView.swift */; };
		36CB32572AE6A30A00ECE46C /* MenuView.swift in Sources */ = {isa = PBXBuildFile; fileRef = 36CB32562AE6A30A00ECE46C /* MenuView.swift */; };
		36CB32592AE6AC8200ECE46C /* AnimatableNumberModifier.swift in Sources */ = {isa = PBXBuildFile; fileRef = 36CB32582AE6AC8200ECE46C /* AnimatableNumberModifier.swift */; };
		36D7B61E2AE6EA940046F6CF /* 0.wav in Resources */ = {isa = PBXBuildFile; fileRef = 36D7B61D2AE6EA940046F6CF /* 0.wav */; };
		36D7B6202AE6EA9A0046F6CF /* 1.wav in Resources */ = {isa = PBXBuildFile; fileRef = 36D7B61F2AE6EA9A0046F6CF /* 1.wav */; };
		36D7B6242AE6EAA20046F6CF /* 3.wav in Resources */ = {isa = PBXBuildFile; fileRef = 36D7B6212AE6EAA20046F6CF /* 3.wav */; };
		36D7B6252AE6EAA20046F6CF /* 4.wav in Resources */ = {isa = PBXBuildFile; fileRef = 36D7B6222AE6EAA20046F6CF /* 4.wav */; };
		36D7B6262AE6EAA20046F6CF /* 2.wav in Resources */ = {isa = PBXBuildFile; fileRef = 36D7B6232AE6EAA20046F6CF /* 2.wav */; };
		36D7B6292AE6EAAC0046F6CF /* 6.wav in Resources */ = {isa = PBXBuildFile; fileRef = 36D7B6272AE6EAAC0046F6CF /* 6.wav */; };
		36D7B62A2AE6EAAC0046F6CF /* 5.wav in Resources */ = {isa = PBXBuildFile; fileRef = 36D7B6282AE6EAAC0046F6CF /* 5.wav */; };
		36D7B62E2AE6EAB30046F6CF /* 9.wav in Resources */ = {isa = PBXBuildFile; fileRef = 36D7B62B2AE6EAB30046F6CF /* 9.wav */; };
		36D7B62F2AE6EAB30046F6CF /* 7.wav in Resources */ = {isa = PBXBuildFile; fileRef = 36D7B62C2AE6EAB30046F6CF /* 7.wav */; };
		36D7B6302AE6EAB30046F6CF /* 8.wav in Resources */ = {isa = PBXBuildFile; fileRef = 36D7B62D2AE6EAB30046F6CF /* 8.wav */; };
		36D7B6322AE6EC860046F6CF /* gameOver.wav in Resources */ = {isa = PBXBuildFile; fileRef = 36D7B6312AE6EC860046F6CF /* gameOver.wav */; };
		36D7B6352AE6EEEA0046F6CF /* TenorSans-Regular.ttf in Resources */ = {isa = PBXBuildFile; fileRef = 36D7B6342AE6EEE30046F6CF /* TenorSans-Regular.ttf */; };
		36D7B6382AE6F1030046F6CF /* Monda-Regular.ttf in Resources */ = {isa = PBXBuildFile; fileRef = 36D7B6372AE6F1030046F6CF /* Monda-Regular.ttf */; };
		36D7B63C2AE6F8300046F6CF /* game_over.ttf in Resources */ = {isa = PBXBuildFile; fileRef = 36D7B63B2AE6F8300046F6CF /* game_over.ttf */; };
		36D7B63E2AE6F8FF0046F6CF /* Emulogic-zrEw.ttf in Resources */ = {isa = PBXBuildFile; fileRef = 36D7B63D2AE6F8FF0046F6CF /* Emulogic-zrEw.ttf */; };
		36D7B6402AE6F9660046F6CF /* PixelSans-Regular.ttf in Resources */ = {isa = PBXBuildFile; fileRef = 36D7B63F2AE6F9660046F6CF /* PixelSans-Regular.ttf */; };
		36D7B6422AE6F9E40046F6CF /* Monda-Bold.ttf in Resources */ = {isa = PBXBuildFile; fileRef = 36D7B6412AE6F9E40046F6CF /* Monda-Bold.ttf */; };
		36D7B6462AE83A3E0046F6CF /* youWin.m4a in Resources */ = {isa = PBXBuildFile; fileRef = 36D7B6452AE83A3E0046F6CF /* youWin.m4a */; };
/* End PBXBuildFile section */

/* Begin PBXFileReference section */
		364485442D2A2A96006FD64B /* InfoView.swift */ = {isa = PBXFileReference; lastKnownFileType = sourcecode.swift; path = InfoView.swift; sourceTree = "<group>"; };
		3652A8642AEBF91C00317B7C /* SplashShape.swift */ = {isa = PBXFileReference; lastKnownFileType = sourcecode.swift; path = SplashShape.swift; sourceTree = "<group>"; };
		3652A8662AEBF96100317B7C /* SplashView.swift */ = {isa = PBXFileReference; lastKnownFileType = sourcecode.swift; path = SplashView.swift; sourceTree = "<group>"; };
		3652A86A2AEC090500317B7C /* SoundEffectManager.swift */ = {isa = PBXFileReference; lastKnownFileType = sourcecode.swift; path = SoundEffectManager.swift; sourceTree = "<group>"; };
		3652A86C2AEC0FDC00317B7C /* WinnerView.swift */ = {isa = PBXFileReference; lastKnownFileType = sourcecode.swift; path = WinnerView.swift; sourceTree = "<group>"; };
		3652A8702AEC177D00317B7C /* wheelSpin.m4a */ = {isa = PBXFileReference; lastKnownFileType = file; path = wheelSpin.m4a; sourceTree = "<group>"; };
		3652A8722AEC17E000317B7C /* cutOff.m4a */ = {isa = PBXFileReference; lastKnownFileType = file; path = cutOff.m4a; sourceTree = "<group>"; };
		36C39E822D2C33820052CD73 /* Instinct.entitlements */ = {isa = PBXFileReference; lastKnownFileType = text.plist.entitlements; path = Instinct.entitlements; sourceTree = "<group>"; };
		36C650A52D26248500D5668D /* PixelifySans-SemiBold.ttf */ = {isa = PBXFileReference; lastKnownFileType = file; path = "PixelifySans-SemiBold.ttf"; sourceTree = "<group>"; };
		36C650A82D2624A600D5668D /* PixelifySans-Regular.ttf */ = {isa = PBXFileReference; lastKnownFileType = file; path = "PixelifySans-Regular.ttf"; sourceTree = "<group>"; };
		36C650AA2D262ED500D5668D /* LaunchView.swift */ = {isa = PBXFileReference; lastKnownFileType = sourcecode.swift; path = LaunchView.swift; sourceTree = "<group>"; };
		36C650E72D27117500D5668D /* Tiny5-Regular.ttf */ = {isa = PBXFileReference; lastKnownFileType = file; path = "Tiny5-Regular.ttf"; sourceTree = "<group>"; };
		36CB323F2AE6A03600ECE46C /* Instinct.app */ = {isa = PBXFileReference; explicitFileType = wrapper.application; includeInIndex = 0; path = Instinct.app; sourceTree = BUILT_PRODUCTS_DIR; };
		36CB32422AE6A03600ECE46C /* InstinctApp.swift */ = {isa = PBXFileReference; lastKnownFileType = sourcecode.swift; path = InstinctApp.swift; sourceTree = "<group>"; };
		36CB32442AE6A03600ECE46C /* ContentView.swift */ = {isa = PBXFileReference; lastKnownFileType = sourcecode.swift; path = ContentView.swift; sourceTree = "<group>"; };
		36CB32462AE6A03700ECE46C /* Assets.xcassets */ = {isa = PBXFileReference; lastKnownFileType = folder.assetcatalog; path = Assets.xcassets; sourceTree = "<group>"; };
		36CB32492AE6A03700ECE46C /* Preview Assets.xcassets */ = {isa = PBXFileReference; lastKnownFileType = folder.assetcatalog; path = "Preview Assets.xcassets"; sourceTree = "<group>"; };
		36CB32502AE6A0AC00ECE46C /* GameView.swift */ = {isa = PBXFileReference; lastKnownFileType = sourcecode.swift; path = GameView.swift; sourceTree = "<group>"; };
		36CB32522AE6A11900ECE46C /* GameViewModel.swift */ = {isa = PBXFileReference; lastKnownFileType = sourcecode.swift; path = GameViewModel.swift; sourceTree = "<group>"; };
		36CB32542AE6A2F700ECE46C /* LoserView.swift */ = {isa = PBXFileReference; lastKnownFileType = sourcecode.swift; path = LoserView.swift; sourceTree = "<group>"; };
		36CB32562AE6A30A00ECE46C /* MenuView.swift */ = {isa = PBXFileReference; lastKnownFileType = sourcecode.swift; path = MenuView.swift; sourceTree = "<group>"; };
		36CB32582AE6AC8200ECE46C /* AnimatableNumberModifier.swift */ = {isa = PBXFileReference; lastKnownFileType = sourcecode.swift; path = AnimatableNumberModifier.swift; sourceTree = "<group>"; };
		36D7B61D2AE6EA940046F6CF /* 0.wav */ = {isa = PBXFileReference; lastKnownFileType = audio.wav; path = 0.wav; sourceTree = "<group>"; };
		36D7B61F2AE6EA9A0046F6CF /* 1.wav */ = {isa = PBXFileReference; lastKnownFileType = audio.wav; path = 1.wav; sourceTree = "<group>"; };
		36D7B6212AE6EAA20046F6CF /* 3.wav */ = {isa = PBXFileReference; lastKnownFileType = audio.wav; path = 3.wav; sourceTree = "<group>"; };
		36D7B6222AE6EAA20046F6CF /* 4.wav */ = {isa = PBXFileReference; lastKnownFileType = audio.wav; path = 4.wav; sourceTree = "<group>"; };
		36D7B6232AE6EAA20046F6CF /* 2.wav */ = {isa = PBXFileReference; lastKnownFileType = audio.wav; path = 2.wav; sourceTree = "<group>"; };
		36D7B6272AE6EAAC0046F6CF /* 6.wav */ = {isa = PBXFileReference; lastKnownFileType = audio.wav; path = 6.wav; sourceTree = "<group>"; };
		36D7B6282AE6EAAC0046F6CF /* 5.wav */ = {isa = PBXFileReference; lastKnownFileType = audio.wav; path = 5.wav; sourceTree = "<group>"; };
		36D7B62B2AE6EAB30046F6CF /* 9.wav */ = {isa = PBXFileReference; lastKnownFileType = audio.wav; path = 9.wav; sourceTree = "<group>"; };
		36D7B62C2AE6EAB30046F6CF /* 7.wav */ = {isa = PBXFileReference; lastKnownFileType = audio.wav; path = 7.wav; sourceTree = "<group>"; };
		36D7B62D2AE6EAB30046F6CF /* 8.wav */ = {isa = PBXFileReference; lastKnownFileType = audio.wav; path = 8.wav; sourceTree = "<group>"; };
		36D7B6312AE6EC860046F6CF /* gameOver.wav */ = {isa = PBXFileReference; lastKnownFileType = audio.wav; path = gameOver.wav; sourceTree = "<group>"; };
		36D7B6342AE6EEE30046F6CF /* TenorSans-Regular.ttf */ = {isa = PBXFileReference; lastKnownFileType = file; path = "TenorSans-Regular.ttf"; sourceTree = "<group>"; };
		36D7B6362AE6EEF90046F6CF /* Info.plist */ = {isa = PBXFileReference; lastKnownFileType = text.plist; path = Info.plist; sourceTree = "<group>"; };
		36D7B6372AE6F1030046F6CF /* Monda-Regular.ttf */ = {isa = PBXFileReference; lastKnownFileType = file; path = "Monda-Regular.ttf"; sourceTree = "<group>"; };
		36D7B63B2AE6F8300046F6CF /* game_over.ttf */ = {isa = PBXFileReference; lastKnownFileType = file; path = game_over.ttf; sourceTree = "<group>"; };
		36D7B63D2AE6F8FF0046F6CF /* Emulogic-zrEw.ttf */ = {isa = PBXFileReference; lastKnownFileType = file; path = "Emulogic-zrEw.ttf"; sourceTree = "<group>"; };
		36D7B63F2AE6F9660046F6CF /* PixelSans-Regular.ttf */ = {isa = PBXFileReference; lastKnownFileType = file; path = "PixelSans-Regular.ttf"; sourceTree = "<group>"; };
		36D7B6412AE6F9E40046F6CF /* Monda-Bold.ttf */ = {isa = PBXFileReference; lastKnownFileType = file; path = "Monda-Bold.ttf"; sourceTree = "<group>"; };
		36D7B6452AE83A3E0046F6CF /* youWin.m4a */ = {isa = PBXFileReference; lastKnownFileType = file; path = youWin.m4a; sourceTree = "<group>"; };
/* End PBXFileReference section */

/* Begin PBXFrameworksBuildPhase section */
		36CB323C2AE6A03600ECE46C /* Frameworks */ = {
			isa = PBXFrameworksBuildPhase;
			buildActionMask = 2147483647;
			files = (
			);
			runOnlyForDeploymentPostprocessing = 0;
		};
/* End PBXFrameworksBuildPhase section */

/* Begin PBXGroup section */
		3652A8632AEBF7D500317B7C /* Randomizer */ = {
			isa = PBXGroup;
			children = (
				3652A8642AEBF91C00317B7C /* SplashShape.swift */,
				3652A8662AEBF96100317B7C /* SplashView.swift */,
				36CB32582AE6AC8200ECE46C /* AnimatableNumberModifier.swift */,
			);
			path = Randomizer;
			sourceTree = "<group>";
		};
		36CB32362AE6A03600ECE46C = {
			isa = PBXGroup;
			children = (
				36CB32412AE6A03600ECE46C /* Instinct */,
				36CB32402AE6A03600ECE46C /* Products */,
			);
			sourceTree = "<group>";
		};
		36CB32402AE6A03600ECE46C /* Products */ = {
			isa = PBXGroup;
			children = (
				36CB323F2AE6A03600ECE46C /* Instinct.app */,
			);
			name = Products;
			sourceTree = "<group>";
		};
		36CB32412AE6A03600ECE46C /* Instinct */ = {
			isa = PBXGroup;
			children = (
				36C39E822D2C33820052CD73 /* Instinct.entitlements */,
				36D7B6362AE6EEF90046F6CF /* Info.plist */,
				36CB32422AE6A03600ECE46C /* InstinctApp.swift */,
				36CB32442AE6A03600ECE46C /* ContentView.swift */,
				36CB32562AE6A30A00ECE46C /* MenuView.swift */,
				36CB32502AE6A0AC00ECE46C /* GameView.swift */,
				36CB32542AE6A2F700ECE46C /* LoserView.swift */,
				364485442D2A2A96006FD64B /* InfoView.swift */,
				3652A86C2AEC0FDC00317B7C /* WinnerView.swift */,
				36C650AA2D262ED500D5668D /* LaunchView.swift */,
				36CB32522AE6A11900ECE46C /* GameViewModel.swift */,
				3652A8632AEBF7D500317B7C /* Randomizer */,
				36D7B61B2AE6EA800046F6CF /* SoundEffects */,
				36D7B6332AE6EEB70046F6CF /* Fonts */,
				36CB32462AE6A03700ECE46C /* Assets.xcassets */,
				36CB32482AE6A03700ECE46C /* Preview Content */,
			);
			path = Instinct;
			sourceTree = "<group>";
		};
		36CB32482AE6A03700ECE46C /* Preview Content */ = {
			isa = PBXGroup;
			children = (
				36CB32492AE6A03700ECE46C /* Preview Assets.xcassets */,
			);
			path = "Preview Content";
			sourceTree = "<group>";
		};
		36D7B61B2AE6EA800046F6CF /* SoundEffects */ = {
			isa = PBXGroup;
			children = (
				36D7B61C2AE6EA870046F6CF /* Default */,
				3652A86A2AEC090500317B7C /* SoundEffectManager.swift */,
			);
			path = SoundEffects;
			sourceTree = "<group>";
		};
		36D7B61C2AE6EA870046F6CF /* Default */ = {
			isa = PBXGroup;
			children = (
				36D7B61D2AE6EA940046F6CF /* 0.wav */,
				36D7B61F2AE6EA9A0046F6CF /* 1.wav */,
				36D7B6232AE6EAA20046F6CF /* 2.wav */,
				36D7B6212AE6EAA20046F6CF /* 3.wav */,
				36D7B6222AE6EAA20046F6CF /* 4.wav */,
				36D7B6282AE6EAAC0046F6CF /* 5.wav */,
				36D7B6272AE6EAAC0046F6CF /* 6.wav */,
				36D7B62C2AE6EAB30046F6CF /* 7.wav */,
				36D7B62D2AE6EAB30046F6CF /* 8.wav */,
				36D7B62B2AE6EAB30046F6CF /* 9.wav */,
				36D7B6312AE6EC860046F6CF /* gameOver.wav */,
				36D7B6452AE83A3E0046F6CF /* youWin.m4a */,
				3652A8702AEC177D00317B7C /* wheelSpin.m4a */,
				3652A8722AEC17E000317B7C /* cutOff.m4a */,
			);
			path = Default;
			sourceTree = "<group>";
		};
		36D7B6332AE6EEB70046F6CF /* Fonts */ = {
			isa = PBXGroup;
			children = (
				36C650E72D27117500D5668D /* Tiny5-Regular.ttf */,
				36D7B6342AE6EEE30046F6CF /* TenorSans-Regular.ttf */,
				36C650A82D2624A600D5668D /* PixelifySans-Regular.ttf */,
				36C650A52D26248500D5668D /* PixelifySans-SemiBold.ttf */,
				36D7B63B2AE6F8300046F6CF /* game_over.ttf */,
				36D7B63D2AE6F8FF0046F6CF /* Emulogic-zrEw.ttf */,
				36D7B63F2AE6F9660046F6CF /* PixelSans-Regular.ttf */,
				36D7B6412AE6F9E40046F6CF /* Monda-Bold.ttf */,
				36D7B6372AE6F1030046F6CF /* Monda-Regular.ttf */,
			);
			path = Fonts;
			sourceTree = "<group>";
		};
/* End PBXGroup section */

/* Begin PBXNativeTarget section */
		36CB323E2AE6A03600ECE46C /* Instinct */ = {
			isa = PBXNativeTarget;
			buildConfigurationList = 36CB324D2AE6A03700ECE46C /* Build configuration list for PBXNativeTarget "Instinct" */;
			buildPhases = (
				36CB323B2AE6A03600ECE46C /* Sources */,
				36CB323C2AE6A03600ECE46C /* Frameworks */,
				36CB323D2AE6A03600ECE46C /* Resources */,
			);
			buildRules = (
			);
			dependencies = (
			);
			name = Instinct;
			packageProductDependencies = (
			);
			productName = Instinct;
			productReference = 36CB323F2AE6A03600ECE46C /* Instinct.app */;
			productType = "com.apple.product-type.application";
		};
/* End PBXNativeTarget section */

/* Begin PBXProject section */
		36CB32372AE6A03600ECE46C /* Project object */ = {
			isa = PBXProject;
			attributes = {
				BuildIndependentTargetsInParallel = 1;
				LastSwiftUpdateCheck = 1500;
				LastUpgradeCheck = 1500;
				TargetAttributes = {
					36CB323E2AE6A03600ECE46C = {
						CreatedOnToolsVersion = 15.0.1;
					};
				};
			};
			buildConfigurationList = 36CB323A2AE6A03600ECE46C /* Build configuration list for PBXProject "Instinct" */;
			compatibilityVersion = "Xcode 14.0";
			developmentRegion = en;
			hasScannedForEncodings = 0;
			knownRegions = (
				en,
				Base,
			);
			mainGroup = 36CB32362AE6A03600ECE46C;
			packageReferences = (
			);
			productRefGroup = 36CB32402AE6A03600ECE46C /* Products */;
			projectDirPath = "";
			projectRoot = "";
			targets = (
				36CB323E2AE6A03600ECE46C /* Instinct */,
			);
		};
/* End PBXProject section */

/* Begin PBXResourcesBuildPhase section */
		36CB323D2AE6A03600ECE46C /* Resources */ = {
			isa = PBXResourcesBuildPhase;
			buildActionMask = 2147483647;
			files = (
				36D7B62F2AE6EAB30046F6CF /* 7.wav in Resources */,
				36D7B6462AE83A3E0046F6CF /* youWin.m4a in Resources */,
				36D7B6422AE6F9E40046F6CF /* Monda-Bold.ttf in Resources */,
				3652A8712AEC177D00317B7C /* wheelSpin.m4a in Resources */,
				36D7B6292AE6EAAC0046F6CF /* 6.wav in Resources */,
				36D7B6402AE6F9660046F6CF /* PixelSans-Regular.ttf in Resources */,
				36D7B6322AE6EC860046F6CF /* gameOver.wav in Resources */,
				36D7B6262AE6EAA20046F6CF /* 2.wav in Resources */,
				36D7B6252AE6EAA20046F6CF /* 4.wav in Resources */,
				36D7B61E2AE6EA940046F6CF /* 0.wav in Resources */,
				36C650A92D2624A600D5668D /* PixelifySans-Regular.ttf in Resources */,
				36CB324A2AE6A03700ECE46C /* Preview Assets.xcassets in Resources */,
				3652A8732AEC17E000317B7C /* cutOff.m4a in Resources */,
				36D7B6302AE6EAB30046F6CF /* 8.wav in Resources */,
				36D7B62E2AE6EAB30046F6CF /* 9.wav in Resources */,
				36CB32472AE6A03700ECE46C /* Assets.xcassets in Resources */,
				36D7B6382AE6F1030046F6CF /* Monda-Regular.ttf in Resources */,
				36D7B62A2AE6EAAC0046F6CF /* 5.wav in Resources */,
				36C650A72D26248500D5668D /* PixelifySans-SemiBold.ttf in Resources */,
				36D7B6202AE6EA9A0046F6CF /* 1.wav in Resources */,
				36C650E82D27117500D5668D /* Tiny5-Regular.ttf in Resources */,
				36D7B6242AE6EAA20046F6CF /* 3.wav in Resources */,
				36D7B63C2AE6F8300046F6CF /* game_over.ttf in Resources */,
				36D7B63E2AE6F8FF0046F6CF /* Emulogic-zrEw.ttf in Resources */,
				36D7B6352AE6EEEA0046F6CF /* TenorSans-Regular.ttf in Resources */,
			);
			runOnlyForDeploymentPostprocessing = 0;
		};
/* End PBXResourcesBuildPhase section */

/* Begin PBXSourcesBuildPhase section */
		36CB323B2AE6A03600ECE46C /* Sources */ = {
			isa = PBXSourcesBuildPhase;
			buildActionMask = 2147483647;
			files = (
				3652A8652AEBF91C00317B7C /* SplashShape.swift in Sources */,
				3652A86D2AEC0FDC00317B7C /* WinnerView.swift in Sources */,
				3652A8672AEBF96100317B7C /* SplashView.swift in Sources */,
				36C650AB2D262ED500D5668D /* LaunchView.swift in Sources */,
				36CB32592AE6AC8200ECE46C /* AnimatableNumberModifier.swift in Sources */,
				364485452D2A2A96006FD64B /* InfoView.swift in Sources */,
				3652A86B2AEC090500317B7C /* SoundEffectManager.swift in Sources */,
				36CB32552AE6A2F700ECE46C /* LoserView.swift in Sources */,
				36CB32572AE6A30A00ECE46C /* MenuView.swift in Sources */,
				36CB32532AE6A11900ECE46C /* GameViewModel.swift in Sources */,
				36CB32512AE6A0AC00ECE46C /* GameView.swift in Sources */,
				36CB32452AE6A03600ECE46C /* ContentView.swift in Sources */,
				36CB32432AE6A03600ECE46C /* InstinctApp.swift in Sources */,
			);
			runOnlyForDeploymentPostprocessing = 0;
		};
/* End PBXSourcesBuildPhase section */

/* Begin XCBuildConfiguration section */
		36CB324B2AE6A03700ECE46C /* Debug */ = {
			isa = XCBuildConfiguration;
			buildSettings = {
				ALWAYS_SEARCH_USER_PATHS = NO;
				ASSETCATALOG_COMPILER_GENERATE_SWIFT_ASSET_SYMBOL_EXTENSIONS = YES;
				CLANG_ANALYZER_NONNULL = YES;
				CLANG_ANALYZER_NUMBER_OBJECT_CONVERSION = YES_AGGRESSIVE;
				CLANG_CXX_LANGUAGE_STANDARD = "gnu++20";
				CLANG_ENABLE_MODULES = YES;
				CLANG_ENABLE_OBJC_ARC = YES;
				CLANG_ENABLE_OBJC_WEAK = YES;
				CLANG_WARN_BLOCK_CAPTURE_AUTORELEASING = YES;
				CLANG_WARN_BOOL_CONVERSION = YES;
				CLANG_WARN_COMMA = YES;
				CLANG_WARN_CONSTANT_CONVERSION = YES;
				CLANG_WARN_DEPRECATED_OBJC_IMPLEMENTATIONS = YES;
				CLANG_WARN_DIRECT_OBJC_ISA_USAGE = YES_ERROR;
				CLANG_WARN_DOCUMENTATION_COMMENTS = YES;
				CLANG_WARN_EMPTY_BODY = YES;
				CLANG_WARN_ENUM_CONVERSION = YES;
				CLANG_WARN_INFINITE_RECURSION = YES;
				CLANG_WARN_INT_CONVERSION = YES;
				CLANG_WARN_NON_LITERAL_NULL_CONVERSION = YES;
				CLANG_WARN_OBJC_IMPLICIT_RETAIN_SELF = YES;
				CLANG_WARN_OBJC_LITERAL_CONVERSION = YES;
				CLANG_WARN_OBJC_ROOT_CLASS = YES_ERROR;
				CLANG_WARN_QUOTED_INCLUDE_IN_FRAMEWORK_HEADER = YES;
				CLANG_WARN_RANGE_LOOP_ANALYSIS = YES;
				CLANG_WARN_STRICT_PROTOTYPES = YES;
				CLANG_WARN_SUSPICIOUS_MOVE = YES;
				CLANG_WARN_UNGUARDED_AVAILABILITY = YES_AGGRESSIVE;
				CLANG_WARN_UNREACHABLE_CODE = YES;
				CLANG_WARN__DUPLICATE_METHOD_MATCH = YES;
				COPY_PHASE_STRIP = NO;
				DEBUG_INFORMATION_FORMAT = dwarf;
				ENABLE_STRICT_OBJC_MSGSEND = YES;
				ENABLE_TESTABILITY = YES;
				ENABLE_USER_SCRIPT_SANDBOXING = YES;
				GCC_C_LANGUAGE_STANDARD = gnu17;
				GCC_DYNAMIC_NO_PIC = NO;
				GCC_NO_COMMON_BLOCKS = YES;
				GCC_OPTIMIZATION_LEVEL = 0;
				GCC_PREPROCESSOR_DEFINITIONS = (
					"DEBUG=1",
					"$(inherited)",
				);
				GCC_WARN_64_TO_32_BIT_CONVERSION = YES;
				GCC_WARN_ABOUT_RETURN_TYPE = YES_ERROR;
				GCC_WARN_UNDECLARED_SELECTOR = YES;
				GCC_WARN_UNINITIALIZED_AUTOS = YES_AGGRESSIVE;
				GCC_WARN_UNUSED_FUNCTION = YES;
				GCC_WARN_UNUSED_VARIABLE = YES;
				IPHONEOS_DEPLOYMENT_TARGET = 17.6;
				LOCALIZATION_PREFERS_STRING_CATALOGS = YES;
				MTL_ENABLE_DEBUG_INFO = INCLUDE_SOURCE;
				MTL_FAST_MATH = YES;
				ONLY_ACTIVE_ARCH = YES;
				SDKROOT = iphoneos;
				SWIFT_ACTIVE_COMPILATION_CONDITIONS = "DEBUG $(inherited)";
				SWIFT_OPTIMIZATION_LEVEL = "-Onone";
			};
			name = Debug;
		};
		36CB324C2AE6A03700ECE46C /* Release */ = {
			isa = XCBuildConfiguration;
			buildSettings = {
				ALWAYS_SEARCH_USER_PATHS = NO;
				ASSETCATALOG_COMPILER_GENERATE_SWIFT_ASSET_SYMBOL_EXTENSIONS = YES;
				CLANG_ANALYZER_NONNULL = YES;
				CLANG_ANALYZER_NUMBER_OBJECT_CONVERSION = YES_AGGRESSIVE;
				CLANG_CXX_LANGUAGE_STANDARD = "gnu++20";
				CLANG_ENABLE_MODULES = YES;
				CLANG_ENABLE_OBJC_ARC = YES;
				CLANG_ENABLE_OBJC_WEAK = YES;
				CLANG_WARN_BLOCK_CAPTURE_AUTORELEASING = YES;
				CLANG_WARN_BOOL_CONVERSION = YES;
				CLANG_WARN_COMMA = YES;
				CLANG_WARN_CONSTANT_CONVERSION = YES;
				CLANG_WARN_DEPRECATED_OBJC_IMPLEMENTATIONS = YES;
				CLANG_WARN_DIRECT_OBJC_ISA_USAGE = YES_ERROR;
				CLANG_WARN_DOCUMENTATION_COMMENTS = YES;
				CLANG_WARN_EMPTY_BODY = YES;
				CLANG_WARN_ENUM_CONVERSION = YES;
				CLANG_WARN_INFINITE_RECURSION = YES;
				CLANG_WARN_INT_CONVERSION = YES;
				CLANG_WARN_NON_LITERAL_NULL_CONVERSION = YES;
				CLANG_WARN_OBJC_IMPLICIT_RETAIN_SELF = YES;
				CLANG_WARN_OBJC_LITERAL_CONVERSION = YES;
				CLANG_WARN_OBJC_ROOT_CLASS = YES_ERROR;
				CLANG_WARN_QUOTED_INCLUDE_IN_FRAMEWORK_HEADER = YES;
				CLANG_WARN_RANGE_LOOP_ANALYSIS = YES;
				CLANG_WARN_STRICT_PROTOTYPES = YES;
				CLANG_WARN_SUSPICIOUS_MOVE = YES;
				CLANG_WARN_UNGUARDED_AVAILABILITY = YES_AGGRESSIVE;
				CLANG_WARN_UNREACHABLE_CODE = YES;
				CLANG_WARN__DUPLICATE_METHOD_MATCH = YES;
				COPY_PHASE_STRIP = NO;
				DEBUG_INFORMATION_FORMAT = "dwarf-with-dsym";
				ENABLE_NS_ASSERTIONS = NO;
				ENABLE_STRICT_OBJC_MSGSEND = YES;
				ENABLE_USER_SCRIPT_SANDBOXING = YES;
				GCC_C_LANGUAGE_STANDARD = gnu17;
				GCC_NO_COMMON_BLOCKS = YES;
				GCC_WARN_64_TO_32_BIT_CONVERSION = YES;
				GCC_WARN_ABOUT_RETURN_TYPE = YES_ERROR;
				GCC_WARN_UNDECLARED_SELECTOR = YES;
				GCC_WARN_UNINITIALIZED_AUTOS = YES_AGGRESSIVE;
				GCC_WARN_UNUSED_FUNCTION = YES;
				GCC_WARN_UNUSED_VARIABLE = YES;
				IPHONEOS_DEPLOYMENT_TARGET = 17.6;
				LOCALIZATION_PREFERS_STRING_CATALOGS = YES;
				MTL_ENABLE_DEBUG_INFO = NO;
				MTL_FAST_MATH = YES;
				SDKROOT = iphoneos;
				SWIFT_COMPILATION_MODE = wholemodule;
				VALIDATE_PRODUCT = YES;
			};
			name = Release;
		};
		36CB324E2AE6A03700ECE46C /* Debug */ = {
			isa = XCBuildConfiguration;
			buildSettings = {
				ASSETCATALOG_COMPILER_ALTERNATE_APPICON_NAMES = "\"AppIcon 5\" \"AppIcon 4\" \"AppIcon 3\" \"AppIcon 2\" \"AppIcon 1\"";
				ASSETCATALOG_COMPILER_APPICON_NAME = AppIcon;
				ASSETCATALOG_COMPILER_GLOBAL_ACCENT_COLOR_NAME = AccentColor;
				ASSETCATALOG_COMPILER_INCLUDE_ALL_APPICON_ASSETS = YES;
				CODE_SIGN_ENTITLEMENTS = Instinct/Instinct.entitlements;
				CODE_SIGN_STYLE = Automatic;
				CURRENT_PROJECT_VERSION = 1;
				DEVELOPMENT_ASSET_PATHS = "\"Instinct/Preview Content\"";
				DEVELOPMENT_TEAM = 6875G4W5DT;
				ENABLE_PREVIEWS = YES;
				GENERATE_INFOPLIST_FILE = YES;
				INFOPLIST_FILE = Instinct/Info.plist;
				INFOPLIST_KEY_CFBundleDisplayName = Instinct;
				INFOPLIST_KEY_LSApplicationCategoryType = "public.app-category.puzzle-games";
				INFOPLIST_KEY_UIApplicationSceneManifest_Generation = YES;
				INFOPLIST_KEY_UIApplicationSupportsIndirectInputEvents = YES;
				INFOPLIST_KEY_UILaunchScreen_Generation = YES;
				INFOPLIST_KEY_UISupportedInterfaceOrientations = UIInterfaceOrientationPortrait;
				INFOPLIST_KEY_UISupportedInterfaceOrientations_iPad = "UIInterfaceOrientationLandscapeLeft UIInterfaceOrientationLandscapeRight UIInterfaceOrientationPortrait UIInterfaceOrientationPortraitUpsideDown";
				IPHONEOS_DEPLOYMENT_TARGET = 17;
				LD_RUNPATH_SEARCH_PATHS = (
					"$(inherited)",
					"@executable_path/Frameworks",
				);
				MARKETING_VERSION = 1.0;
				PRODUCT_BUNDLE_IDENTIFIER = com.cthdev.Instinct;
				PRODUCT_NAME = "$(TARGET_NAME)";
				SUPPORTED_PLATFORMS = "iphoneos iphonesimulator";
				SUPPORTS_MACCATALYST = NO;
				SUPPORTS_MAC_DESIGNED_FOR_IPHONE_IPAD = NO;
				SWIFT_EMIT_LOC_STRINGS = YES;
				SWIFT_VERSION = 5.0;
				TARGETED_DEVICE_FAMILY = 1;
			};
			name = Debug;
		};
		36CB324F2AE6A03700ECE46C /* Release */ = {
			isa = XCBuildConfiguration;
			buildSettings = {
				ASSETCATALOG_COMPILER_ALTERNATE_APPICON_NAMES = "\"AppIcon 5\" \"AppIcon 4\" \"AppIcon 3\" \"AppIcon 2\" \"AppIcon 1\"";
				ASSETCATALOG_COMPILER_APPICON_NAME = AppIcon;
				ASSETCATALOG_COMPILER_GLOBAL_ACCENT_COLOR_NAME = AccentColor;
				ASSETCATALOG_COMPILER_INCLUDE_ALL_APPICON_ASSETS = YES;
				CODE_SIGN_ENTITLEMENTS = Instinct/Instinct.entitlements;
				CODE_SIGN_STYLE = Automatic;
				CURRENT_PROJECT_VERSION = 1;
				DEVELOPMENT_ASSET_PATHS = "\"Instinct/Preview Content\"";
				DEVELOPMENT_TEAM = 6875G4W5DT;
				ENABLE_PREVIEWS = YES;
				GENERATE_INFOPLIST_FILE = YES;
				INFOPLIST_FILE = Instinct/Info.plist;
				INFOPLIST_KEY_CFBundleDisplayName = Instinct;
				INFOPLIST_KEY_LSApplicationCategoryType = "public.app-category.puzzle-games";
				INFOPLIST_KEY_UIApplicationSceneManifest_Generation = YES;
				INFOPLIST_KEY_UIApplicationSupportsIndirectInputEvents = YES;
				INFOPLIST_KEY_UILaunchScreen_Generation = YES;
				INFOPLIST_KEY_UISupportedInterfaceOrientations = UIInterfaceOrientationPortrait;
				INFOPLIST_KEY_UISupportedInterfaceOrientations_iPad = "UIInterfaceOrientationLandscapeLeft UIInterfaceOrientationLandscapeRight UIInterfaceOrientationPortrait UIInterfaceOrientationPortraitUpsideDown";
				IPHONEOS_DEPLOYMENT_TARGET = 17;
				LD_RUNPATH_SEARCH_PATHS = (
					"$(inherited)",
					"@executable_path/Frameworks",
				);
				MARKETING_VERSION = 1.0;
				PRODUCT_BUNDLE_IDENTIFIER = com.cthdev.Instinct;
				PRODUCT_NAME = "$(TARGET_NAME)";
				SUPPORTED_PLATFORMS = "iphoneos iphonesimulator";
				SUPPORTS_MACCATALYST = NO;
				SUPPORTS_MAC_DESIGNED_FOR_IPHONE_IPAD = NO;
				SWIFT_EMIT_LOC_STRINGS = YES;
				SWIFT_VERSION = 5.0;
				TARGETED_DEVICE_FAMILY = 1;
			};
			name = Release;
		};
/* End XCBuildConfiguration section */

/* Begin XCConfigurationList section */
		36CB323A2AE6A03600ECE46C /* Build configuration list for PBXProject "Instinct" */ = {
			isa = XCConfigurationList;
			buildConfigurations = (
				36CB324B2AE6A03700ECE46C /* Debug */,
				36CB324C2AE6A03700ECE46C /* Release */,
			);
			defaultConfigurationIsVisible = 0;
			defaultConfigurationName = Release;
		};
		36CB324D2AE6A03700ECE46C /* Build configuration list for PBXNativeTarget "Instinct" */ = {
			isa = XCConfigurationList;
			buildConfigurations = (
				36CB324E2AE6A03700ECE46C /* Debug */,
				36CB324F2AE6A03700ECE46C /* Release */,
			);
			defaultConfigurationIsVisible = 0;
			defaultConfigurationName = Release;
		};
/* End XCConfigurationList section */
	};
	rootObject = 36CB32372AE6A03600ECE46C /* Project object */;
}
